
Microsoft Visual Studio Solution File, Format Version 12.00
# Visual Studio Version 17
VisualStudioVersion = 17.5.33627.172
MinimumVisualStudioVersion = 10.0.40219.1
Project("{9A19103F-16F7-4668-BE54-9A1E7A4F7556}") = "EltaParser", "EltaParser.csproj", "{8B097668-6E9B-461B-9D95-08DA76E71DE6}"
EndProject
Project("{2150E333-8FDC-42A3-9474-1A3956D46DE8}") = "DTO", "DTO", "{F56E701C-FF4A-4ACD-9EF0-6EF63D020008}"
	ProjectSection(SolutionItems) = preProject
		Flight.cs = Flight.cs
		Location.cs = Location.cs
		Size.cs = Size.cs
	EndProjectSection
EndProject
Global
	GlobalSection(SolutionConfigurationPlatforms) = preSolution
		Debug|Any CPU = Debug|Any CPU
		Release|Any CPU = Release|Any CPU
	EndGlobalSection
	GlobalSection(ProjectConfigurationPlatforms) = postSolution
		{8B097668-6E9B-461B-9D95-08DA76E71DE6}.Debug|Any CPU.ActiveCfg = Debug|Any CPU
		{8B097668-6E9B-461B-9D95-08DA76E71DE6}.Debug|Any CPU.Build.0 = Debug|Any CPU
		{8B097668-6E9B-461B-9D95-08DA76E71DE6}.Release|Any CPU.ActiveCfg = Release|Any CPU
		{8B097668-6E9B-461B-9D95-08DA76E71DE6}.Release|Any CPU.Build.0 = Release|Any CPU
	EndGlobalSection
	GlobalSection(SolutionProperties) = preSolution
		HideSolutionNode = FALSE
	EndGlobalSection
	GlobalSection(ExtensibilityGlobals) = postSolution
		SolutionGuid = {F2275AEB-BE2F-4134-861F-D6B087D36408}
	EndGlobalSection
EndGlobal
